// !$*UTF8*$!
{
	archiveVersion = 1;
	classes = {
	};
	objectVersion = 48;
	objects = {

/* Begin PBXBuildFile section */
		487037911FAC3D6200A966A2 /* AppDelegate.swift in Sources */ = {isa = PBXBuildFile; fileRef = 487037901FAC3D6200A966A2 /* AppDelegate.swift */; };
		487037981FAC3D6200A966A2 /* Assets.xcassets in Resources */ = {isa = PBXBuildFile; fileRef = 487037971FAC3D6200A966A2 /* Assets.xcassets */; };
		4870379B1FAC3D6200A966A2 /* LaunchScreen.storyboard in Resources */ = {isa = PBXBuildFile; fileRef = 487037991FAC3D6200A966A2 /* LaunchScreen.storyboard */; };
		487037B41FAC3E0100A966A2 /* WordsListVC.swift in Sources */ = {isa = PBXBuildFile; fileRef = 487037B31FAC3E0100A966A2 /* WordsListVC.swift */; };
		487037B81FAC3F4F00A966A2 /* WordsListVCTests.swift in Sources */ = {isa = PBXBuildFile; fileRef = 487037B71FAC3F4F00A966A2 /* WordsListVCTests.swift */; };
		487037BA1FAC414B00A966A2 /* InitialViewTests.swift in Sources */ = {isa = PBXBuildFile; fileRef = 487037B91FAC414B00A966A2 /* InitialViewTests.swift */; };
/* End PBXBuildFile section */

/* Begin PBXContainerItemProxy section */
		487037A21FAC3D6300A966A2 /* PBXContainerItemProxy */ = {
			isa = PBXContainerItemProxy;
			containerPortal = 487037851FAC3D6200A966A2 /* Project object */;
			proxyType = 1;
			remoteGlobalIDString = 4870378C1FAC3D6200A966A2;
			remoteInfo = HangulTracing;
		};
/* End PBXContainerItemProxy section */

/* Begin PBXFileReference section */
		4870378D1FAC3D6200A966A2 /* HangulTracing.app */ = {isa = PBXFileReference; explicitFileType = wrapper.application; includeInIndex = 0; path = HangulTracing.app; sourceTree = BUILT_PRODUCTS_DIR; };
		487037901FAC3D6200A966A2 /* AppDelegate.swift */ = {isa = PBXFileReference; lastKnownFileType = sourcecode.swift; path = AppDelegate.swift; sourceTree = "<group>"; };
		487037971FAC3D6200A966A2 /* Assets.xcassets */ = {isa = PBXFileReference; lastKnownFileType = folder.assetcatalog; path = Assets.xcassets; sourceTree = "<group>"; };
		4870379A1FAC3D6200A966A2 /* Base */ = {isa = PBXFileReference; lastKnownFileType = file.storyboard; name = Base; path = Base.lproj/LaunchScreen.storyboard; sourceTree = "<group>"; };
		4870379C1FAC3D6200A966A2 /* Info.plist */ = {isa = PBXFileReference; lastKnownFileType = text.plist.xml; path = Info.plist; sourceTree = "<group>"; };
		487037A11FAC3D6300A966A2 /* HangulTracingTests.xctest */ = {isa = PBXFileReference; explicitFileType = wrapper.cfbundle; includeInIndex = 0; path = HangulTracingTests.xctest; sourceTree = BUILT_PRODUCTS_DIR; };
		487037A71FAC3D6300A966A2 /* Info.plist */ = {isa = PBXFileReference; lastKnownFileType = text.plist.xml; path = Info.plist; sourceTree = "<group>"; };
		487037B31FAC3E0100A966A2 /* WordsListVC.swift */ = {isa = PBXFileReference; lastKnownFileType = sourcecode.swift; path = WordsListVC.swift; sourceTree = "<group>"; };
		487037B71FAC3F4F00A966A2 /* WordsListVCTests.swift */ = {isa = PBXFileReference; lastKnownFileType = sourcecode.swift; path = WordsListVCTests.swift; sourceTree = "<group>"; };
		487037B91FAC414B00A966A2 /* InitialViewTests.swift */ = {isa = PBXFileReference; lastKnownFileType = sourcecode.swift; path = InitialViewTests.swift; sourceTree = "<group>"; };
/* End PBXFileReference section */

/* Begin PBXFrameworksBuildPhase section */
		4870378A1FAC3D6200A966A2 /* Frameworks */ = {
			isa = PBXFrameworksBuildPhase;
			buildActionMask = 2147483647;
			files = (
			);
			runOnlyForDeploymentPostprocessing = 0;
		};
		4870379E1FAC3D6200A966A2 /* Frameworks */ = {
			isa = PBXFrameworksBuildPhase;
			buildActionMask = 2147483647;
			files = (
			);
			runOnlyForDeploymentPostprocessing = 0;
		};
/* End PBXFrameworksBuildPhase section */

/* Begin PBXGroup section */
		487037841FAC3D6200A966A2 = {
			isa = PBXGroup;
			children = (
				4870378F1FAC3D6200A966A2 /* HangulTracing */,
				487037A41FAC3D6300A966A2 /* HangulTracingTests */,
				4870378E1FAC3D6200A966A2 /* Products */,
			);
			sourceTree = "<group>";
		};
		4870378E1FAC3D6200A966A2 /* Products */ = {
			isa = PBXGroup;
			children = (
				4870378D1FAC3D6200A966A2 /* HangulTracing.app */,
				487037A11FAC3D6300A966A2 /* HangulTracingTests.xctest */,
			);
			name = Products;
			sourceTree = "<group>";
		};
		4870378F1FAC3D6200A966A2 /* HangulTracing */ = {
			isa = PBXGroup;
			children = (
				487037B21FAC3DA300A966A2 /* Model */,
				487037B11FAC3D9B00A966A2 /* View */,
				487037B01FAC3D9200A966A2 /* Controller */,
				487037901FAC3D6200A966A2 /* AppDelegate.swift */,
				487037971FAC3D6200A966A2 /* Assets.xcassets */,
				487037991FAC3D6200A966A2 /* LaunchScreen.storyboard */,
				4870379C1FAC3D6200A966A2 /* Info.plist */,
			);
			path = HangulTracing;
			sourceTree = "<group>";
		};
		487037A41FAC3D6300A966A2 /* HangulTracingTests */ = {
			isa = PBXGroup;
			children = (
				487037B61FAC3EEA00A966A2 /* Controller */,
				487037A71FAC3D6300A966A2 /* Info.plist */,
				487037B91FAC414B00A966A2 /* InitialViewTests.swift */,
			);
			path = HangulTracingTests;
			sourceTree = "<group>";
		};
		487037B01FAC3D9200A966A2 /* Controller */ = {
			isa = PBXGroup;
			children = (
				487037B31FAC3E0100A966A2 /* WordsListVC.swift */,
			);
			path = Controller;
			sourceTree = "<group>";
		};
		487037B11FAC3D9B00A966A2 /* View */ = {
			isa = PBXGroup;
			children = (
			);
			path = View;
			sourceTree = "<group>";
		};
		487037B21FAC3DA300A966A2 /* Model */ = {
			isa = PBXGroup;
			children = (
			);
			path = Model;
			sourceTree = "<group>";
		};
		487037B61FAC3EEA00A966A2 /* Controller */ = {
			isa = PBXGroup;
			children = (
				487037B71FAC3F4F00A966A2 /* WordsListVCTests.swift */,
			);
			path = Controller;
			sourceTree = "<group>";
		};
/* End PBXGroup section */

/* Begin PBXNativeTarget section */
		4870378C1FAC3D6200A966A2 /* HangulTracing */ = {
			isa = PBXNativeTarget;
			buildConfigurationList = 487037AA1FAC3D6300A966A2 /* Build configuration list for PBXNativeTarget "HangulTracing" */;
			buildPhases = (
				487037891FAC3D6200A966A2 /* Sources */,
				4870378A1FAC3D6200A966A2 /* Frameworks */,
				4870378B1FAC3D6200A966A2 /* Resources */,
			);
			buildRules = (
			);
			dependencies = (
			);
			name = HangulTracing;
			productName = HangulTracing;
			productReference = 4870378D1FAC3D6200A966A2 /* HangulTracing.app */;
			productType = "com.apple.product-type.application";
		};
		487037A01FAC3D6200A966A2 /* HangulTracingTests */ = {
			isa = PBXNativeTarget;
			buildConfigurationList = 487037AD1FAC3D6300A966A2 /* Build configuration list for PBXNativeTarget "HangulTracingTests" */;
			buildPhases = (
				4870379D1FAC3D6200A966A2 /* Sources */,
				4870379E1FAC3D6200A966A2 /* Frameworks */,
				4870379F1FAC3D6200A966A2 /* Resources */,
			);
			buildRules = (
			);
			dependencies = (
				487037A31FAC3D6300A966A2 /* PBXTargetDependency */,
			);
			name = HangulTracingTests;
			productName = HangulTracingTests;
			productReference = 487037A11FAC3D6300A966A2 /* HangulTracingTests.xctest */;
			productType = "com.apple.product-type.bundle.unit-test";
		};
/* End PBXNativeTarget section */

/* Begin PBXProject section */
		487037851FAC3D6200A966A2 /* Project object */ = {
			isa = PBXProject;
			attributes = {
				LastSwiftUpdateCheck = 0910;
				LastUpgradeCheck = 0910;
				ORGANIZATIONNAME = samchon;
				TargetAttributes = {
					4870378C1FAC3D6200A966A2 = {
						CreatedOnToolsVersion = 9.1;
						ProvisioningStyle = Automatic;
					};
					487037A01FAC3D6200A966A2 = {
						CreatedOnToolsVersion = 9.1;
						LastSwiftMigration = 0910;
						ProvisioningStyle = Automatic;
						TestTargetID = 4870378C1FAC3D6200A966A2;
					};
				};
			};
			buildConfigurationList = 487037881FAC3D6200A966A2 /* Build configuration list for PBXProject "HangulTracing" */;
			compatibilityVersion = "Xcode 8.0";
			developmentRegion = en;
			hasScannedForEncodings = 0;
			knownRegions = (
				en,
				Base,
			);
			mainGroup = 487037841FAC3D6200A966A2;
			productRefGroup = 4870378E1FAC3D6200A966A2 /* Products */;
			projectDirPath = "";
			projectRoot = "";
			targets = (
				4870378C1FAC3D6200A966A2 /* HangulTracing */,
				487037A01FAC3D6200A966A2 /* HangulTracingTests */,
			);
		};
/* End PBXProject section */

/* Begin PBXResourcesBuildPhase section */
		4870378B1FAC3D6200A966A2 /* Resources */ = {
			isa = PBXResourcesBuildPhase;
			buildActionMask = 2147483647;
			files = (
				4870379B1FAC3D6200A966A2 /* LaunchScreen.storyboard in Resources */,
				487037981FAC3D6200A966A2 /* Assets.xcassets in Resources */,
			);
			runOnlyForDeploymentPostprocessing = 0;
		};
		4870379F1FAC3D6200A966A2 /* Resources */ = {
			isa = PBXResourcesBuildPhase;
			buildActionMask = 2147483647;
			files = (
			);
			runOnlyForDeploymentPostprocessing = 0;
		};
/* End PBXResourcesBuildPhase section */

/* Begin PBXSourcesBuildPhase section */
		487037891FAC3D6200A966A2 /* Sources */ = {
			isa = PBXSourcesBuildPhase;
			buildActionMask = 2147483647;
			files = (
				487037B41FAC3E0100A966A2 /* WordsListVC.swift in Sources */,
				487037911FAC3D6200A966A2 /* AppDelegate.swift in Sources */,
			);
			runOnlyForDeploymentPostprocessing = 0;
		};
		4870379D1FAC3D6200A966A2 /* Sources */ = {
			isa = PBXSourcesBuildPhase;
			buildActionMask = 2147483647;
			files = (
				487037B81FAC3F4F00A966A2 /* WordsListVCTests.swift in Sources */,
				487037BA1FAC414B00A966A2 /* InitialViewTests.swift in Sources */,
			);
			runOnlyForDeploymentPostprocessing = 0;
		};
/* End PBXSourcesBuildPhase section */

/* Begin PBXTargetDependency section */
		487037A31FAC3D6300A966A2 /* PBXTargetDependency */ = {
			isa = PBXTargetDependency;
			target = 4870378C1FAC3D6200A966A2 /* HangulTracing */;
			targetProxy = 487037A21FAC3D6300A966A2 /* PBXContainerItemProxy */;
		};
/* End PBXTargetDependency section */

/* Begin PBXVariantGroup section */
		487037991FAC3D6200A966A2 /* LaunchScreen.storyboard */ = {
			isa = PBXVariantGroup;
			children = (
				4870379A1FAC3D6200A966A2 /* Base */,
			);
			name = LaunchScreen.storyboard;
			sourceTree = "<group>";
		};
/* End PBXVariantGroup section */

/* Begin XCBuildConfiguration section */
		487037A81FAC3D6300A966A2 /* Debug */ = {
			isa = XCBuildConfiguration;
			buildSettings = {
				ALWAYS_SEARCH_USER_PATHS = NO;
				CLANG_ANALYZER_NONNULL = YES;
				CLANG_ANALYZER_NUMBER_OBJECT_CONVERSION = YES_AGGRESSIVE;
				CLANG_CXX_LANGUAGE_STANDARD = "gnu++14";
				CLANG_CXX_LIBRARY = "libc++";
				CLANG_ENABLE_MODULES = YES;
				CLANG_ENABLE_OBJC_ARC = YES;
				CLANG_WARN_BLOCK_CAPTURE_AUTORELEASING = YES;
				CLANG_WARN_BOOL_CONVERSION = YES;
				CLANG_WARN_COMMA = YES;
				CLANG_WARN_CONSTANT_CONVERSION = YES;
				CLANG_WARN_DIRECT_OBJC_ISA_USAGE = YES_ERROR;
				CLANG_WARN_DOCUMENTATION_COMMENTS = YES;
				CLANG_WARN_EMPTY_BODY = YES;
				CLANG_WARN_ENUM_CONVERSION = YES;
				CLANG_WARN_INFINITE_RECURSION = YES;
				CLANG_WARN_INT_CONVERSION = YES;
				CLANG_WARN_NON_LITERAL_NULL_CONVERSION = YES;
				CLANG_WARN_OBJC_LITERAL_CONVERSION = YES;
				CLANG_WARN_OBJC_ROOT_CLASS = YES_ERROR;
				CLANG_WARN_RANGE_LOOP_ANALYSIS = YES;
				CLANG_WARN_STRICT_PROTOTYPES = YES;
				CLANG_WARN_SUSPICIOUS_MOVE = YES;
				CLANG_WARN_UNGUARDED_AVAILABILITY = YES_AGGRESSIVE;
				CLANG_WARN_UNREACHABLE_CODE = YES;
				CLANG_WARN__DUPLICATE_METHOD_MATCH = YES;
				CODE_SIGN_IDENTITY = "iPhone Developer";
				COPY_PHASE_STRIP = NO;
				DEBUG_INFORMATION_FORMAT = dwarf;
				ENABLE_STRICT_OBJC_MSGSEND = YES;
				ENABLE_TESTABILITY = YES;
				GCC_C_LANGUAGE_STANDARD = gnu11;
				GCC_DYNAMIC_NO_PIC = NO;
				GCC_NO_COMMON_BLOCKS = YES;
				GCC_OPTIMIZATION_LEVEL = 0;
				GCC_PREPROCESSOR_DEFINITIONS = (
					"DEBUG=1",
					"$(inherited)",
				);
				GCC_WARN_64_TO_32_BIT_CONVERSION = YES;
				GCC_WARN_ABOUT_RETURN_TYPE = YES_ERROR;
				GCC_WARN_UNDECLARED_SELECTOR = YES;
				GCC_WARN_UNINITIALIZED_AUTOS = YES_AGGRESSIVE;
				GCC_WARN_UNUSED_FUNCTION = YES;
				GCC_WARN_UNUSED_VARIABLE = YES;
				IPHONEOS_DEPLOYMENT_TARGET = 11.1;
				MTL_ENABLE_DEBUG_INFO = YES;
				ONLY_ACTIVE_ARCH = YES;
				SDKROOT = iphoneos;
				SWIFT_ACTIVE_COMPILATION_CONDITIONS = DEBUG;
				SWIFT_OPTIMIZATION_LEVEL = "-Onone";
			};
			name = Debug;
		};
		487037A91FAC3D6300A966A2 /* Release */ = {
			isa = XCBuildConfiguration;
			buildSettings = {
				ALWAYS_SEARCH_USER_PATHS = NO;
				CLANG_ANALYZER_NONNULL = YES;
				CLANG_ANALYZER_NUMBER_OBJECT_CONVERSION = YES_AGGRESSIVE;
				CLANG_CXX_LANGUAGE_STANDARD = "gnu++14";
				CLANG_CXX_LIBRARY = "libc++";
				CLANG_ENABLE_MODULES = YES;
				CLANG_ENABLE_OBJC_ARC = YES;
				CLANG_WARN_BLOCK_CAPTURE_AUTORELEASING = YES;
				CLANG_WARN_BOOL_CONVERSION = YES;
				CLANG_WARN_COMMA = YES;
				CLANG_WARN_CONSTANT_CONVERSION = YES;
				CLANG_WARN_DIRECT_OBJC_ISA_USAGE = YES_ERROR;
				CLANG_WARN_DOCUMENTATION_COMMENTS = YES;
				CLANG_WARN_EMPTY_BODY = YES;
				CLANG_WARN_ENUM_CONVERSION = YES;
				CLANG_WARN_INFINITE_RECURSION = YES;
				CLANG_WARN_INT_CONVERSION = YES;
				CLANG_WARN_NON_LITERAL_NULL_CONVERSION = YES;
				CLANG_WARN_OBJC_LITERAL_CONVERSION = YES;
				CLANG_WARN_OBJC_ROOT_CLASS = YES_ERROR;
				CLANG_WARN_RANGE_LOOP_ANALYSIS = YES;
				CLANG_WARN_STRICT_PROTOTYPES = YES;
				CLANG_WARN_SUSPICIOUS_MOVE = YES;
				CLANG_WARN_UNGUARDED_AVAILABILITY = YES_AGGRESSIVE;
				CLANG_WARN_UNREACHABLE_CODE = YES;
				CLANG_WARN__DUPLICATE_METHOD_MATCH = YES;
				CODE_SIGN_IDENTITY = "iPhone Developer";
				COPY_PHASE_STRIP = NO;
				DEBUG_INFORMATION_FORMAT = "dwarf-with-dsym";
				ENABLE_NS_ASSERTIONS = NO;
				ENABLE_STRICT_OBJC_MSGSEND = YES;
				GCC_C_LANGUAGE_STANDARD = gnu11;
				GCC_NO_COMMON_BLOCKS = YES;
				GCC_WARN_64_TO_32_BIT_CONVERSION = YES;
				GCC_WARN_ABOUT_RETURN_TYPE = YES_ERROR;
				GCC_WARN_UNDECLARED_SELECTOR = YES;
				GCC_WARN_UNINITIALIZED_AUTOS = YES_AGGRESSIVE;
				GCC_WARN_UNUSED_FUNCTION = YES;
				GCC_WARN_UNUSED_VARIABLE = YES;
				IPHONEOS_DEPLOYMENT_TARGET = 11.1;
				MTL_ENABLE_DEBUG_INFO = NO;
				SDKROOT = iphoneos;
				SWIFT_OPTIMIZATION_LEVEL = "-Owholemodule";
				VALIDATE_PRODUCT = YES;
			};
			name = Release;
		};
		487037AB1FAC3D6300A966A2 /* Debug */ = {
			isa = XCBuildConfiguration;
			buildSettings = {
				ASSETCATALOG_COMPILER_APPICON_NAME = AppIcon;
				CODE_SIGN_STYLE = Automatic;
				DEVELOPMENT_TEAM = J6JJA4UC5Z;
				INFOPLIST_FILE = HangulTracing/Info.plist;
				LD_RUNPATH_SEARCH_PATHS = "$(inherited) @executable_path/Frameworks";
				PRODUCT_BUNDLE_IDENTIFIER = com.samchon.HangulTracing;
				PRODUCT_NAME = "$(TARGET_NAME)";
				SWIFT_VERSION = 4.0;
				TARGETED_DEVICE_FAMILY = "1,2";
			};
			name = Debug;
		};
		487037AC1FAC3D6300A966A2 /* Release */ = {
			isa = XCBuildConfiguration;
			buildSettings = {
				ASSETCATALOG_COMPILER_APPICON_NAME = AppIcon;
				CODE_SIGN_STYLE = Automatic;
				DEVELOPMENT_TEAM = J6JJA4UC5Z;
				INFOPLIST_FILE = HangulTracing/Info.plist;
				LD_RUNPATH_SEARCH_PATHS = "$(inherited) @executable_path/Frameworks";
				PRODUCT_BUNDLE_IDENTIFIER = com.samchon.HangulTracing;
				PRODUCT_NAME = "$(TARGET_NAME)";
				SWIFT_VERSION = 4.0;
				TARGETED_DEVICE_FAMILY = "1,2";
			};
			name = Release;
		};
		487037AE1FAC3D6300A966A2 /* Debug */ = {
			isa = XCBuildConfiguration;
			buildSettings = {
				ALWAYS_EMBED_SWIFT_STANDARD_LIBRARIES = YES;
				BUNDLE_LOADER = "$(TEST_HOST)";
				CLANG_ENABLE_MODULES = YES;
				CODE_SIGN_STYLE = Automatic;
				DEVELOPMENT_TEAM = J6JJA4UC5Z;
				INFOPLIST_FILE = HangulTracingTests/Info.plist;
				LD_RUNPATH_SEARCH_PATHS = "$(inherited) @executable_path/Frameworks @loader_path/Frameworks";
				PRODUCT_BUNDLE_IDENTIFIER = com.samchon.HangulTracingTests;
				PRODUCT_NAME = "$(TARGET_NAME)";
				SWIFT_OPTIMIZATION_LEVEL = "-Onone";
				SWIFT_VERSION = 4.0;
				TARGETED_DEVICE_FAMILY = "1,2";
				TEST_HOST = "$(BUILT_PRODUCTS_DIR)/HangulTracing.app/HangulTracing";
			};
			name = Debug;
		};
		487037AF1FAC3D6300A966A2 /* Release */ = {
			isa = XCBuildConfiguration;
			buildSettings = {
				ALWAYS_EMBED_SWIFT_STANDARD_LIBRARIES = YES;
				BUNDLE_LOADER = "$(TEST_HOST)";
				CLANG_ENABLE_MODULES = YES;
				CODE_SIGN_STYLE = Automatic;
				DEVELOPMENT_TEAM = J6JJA4UC5Z;
				INFOPLIST_FILE = HangulTracingTests/Info.plist;
				LD_RUNPATH_SEARCH_PATHS = "$(inherited) @executable_path/Frameworks @loader_path/Frameworks";
				PRODUCT_BUNDLE_IDENTIFIER = com.samchon.HangulTracingTests;
				PRODUCT_NAME = "$(TARGET_NAME)";
				SWIFT_VERSION = 4.0;
				TARGETED_DEVICE_FAMILY = "1,2";
				TEST_HOST = "$(BUILT_PRODUCTS_DIR)/HangulTracing.app/HangulTracing";
			};
			name = Release;
		};
/* End XCBuildConfiguration section */

/* Begin XCConfigurationList section */
		487037881FAC3D6200A966A2 /* Build configuration list for PBXProject "HangulTracing" */ = {
			isa = XCConfigurationList;
			buildConfigurations = (
				487037A81FAC3D6300A966A2 /* Debug */,
				487037A91FAC3D6300A966A2 /* Release */,
			);
			defaultConfigurationIsVisible = 0;
			defaultConfigurationName = Release;
		};
		487037AA1FAC3D6300A966A2 /* Build configuration list for PBXNativeTarget "HangulTracing" */ = {
			isa = XCConfigurationList;
			buildConfigurations = (
				487037AB1FAC3D6300A966A2 /* Debug */,
				487037AC1FAC3D6300A966A2 /* Release */,
			);
			defaultConfigurationIsVisible = 0;
			defaultConfigurationName = Release;
		};
		487037AD1FAC3D6300A966A2 /* Build configuration list for PBXNativeTarget "HangulTracingTests" */ = {
			isa = XCConfigurationList;
			buildConfigurations = (
				487037AE1FAC3D6300A966A2 /* Debug */,
				487037AF1FAC3D6300A966A2 /* Release */,
			);
			defaultConfigurationIsVisible = 0;
			defaultConfigurationName = Release;
		};
/* End XCConfigurationList section */
	};
	rootObject = 487037851FAC3D6200A966A2 /* Project object */;
}
